<?xml version="1.0" encoding="utf-8"?>
<Project ToolsVersion="4.0" xmlns="http://schemas.microsoft.com/developer/msbuild/2003">
  <ItemGroup>
    <Filter Include="源文件">
      <UniqueIdentifier>{4FC737F1-C7A5-4376-A066-2A32D752A2FF}</UniqueIdentifier>
      <Extensions>cpp;c;cc;cxx;def;odl;idl;hpj;bat;asm;asmx</Extensions>
    </Filter>
    <Filter Include="头文件">
      <UniqueIdentifier>{93995380-89BD-4b04-88EB-625FBE52EBFB}</UniqueIdentifier>
      <Extensions>h;hh;hpp;hxx;hm;inl;inc;ipp;xsd</Extensions>
    </Filter>
    <Filter Include="资源文件">
      <UniqueIdentifier>{67DA6AB6-F800-4c08-8B7A-83BB121AAD01}</UniqueIdentifier>
      <Extensions>rc;ico;cur;bmp;dlg;rc2;rct;bin;rgs;gif;jpg;jpeg;jpe;resx;tiff;tif;png;wav;mfcribbon-ms</Extensions>
    </Filter>
    <Filter Include="api">
      <UniqueIdentifier>{1a8ee6a7-2088-43f2-8625-f0f83388febb}</UniqueIdentifier>
    </Filter>
    <Filter Include="src">
      <UniqueIdentifier>{8a292a39-6d72-4b87-b328-0b9796d99d4e}</UniqueIdentifier>
    </Filter>
    <Filter Include="src\http">
      <UniqueIdentifier>{61d8ee57-7ce8-45f5-9010-b60e3f756c4b}</UniqueIdentifier>
    </Filter>
    <Filter Include="src\json">
      <UniqueIdentifier>{9714f2c4-bfee-4c6d-b96d-1aa39c8e7693}</UniqueIdentifier>
    </Filter>
    <Filter Include="src\log">
      <UniqueIdentifier>{58378470-190f-429e-89fe-218a1a69e05b}</UniqueIdentifier>
    </Filter>
    <Filter Include="src\network">
      <UniqueIdentifier>{e2707fb3-32e6-47f0-b972-eedd1913bdd4}</UniqueIdentifier>
    </Filter>
  </ItemGroup>
  <ItemGroup>
    <ClInclude Include="stdafx.h">
      <Filter>头文件</Filter>
    </ClInclude>
    <ClInclude Include="targetver.h">
      <Filter>头文件</Filter>
    </ClInclude>
    <ClInclude Include="api\him_sdk_dll.h">
      <Filter>api</Filter>
    </ClInclude>
    <ClInclude Include="src\client_imp.h">
      <Filter>src</Filter>
    </ClInclude>
    <ClInclude Include="src\http\http_client_imp.h">
      <Filter>src\http</Filter>
    </ClInclude>
    <ClInclude Include="api\iclient.h">
      <Filter>api</Filter>
    </ClInclude>
    <ClInclude Include="api\ihttp_client.h">
      <Filter>api</Filter>
    </ClInclude>
    <ClInclude Include="..\third_party\jsoncpp-src-0.5.0\src\lib_json\json_batchallocator.h">
      <Filter>src\json</Filter>
    </ClInclude>
    <ClInclude Include="..\third_party\jsoncpp-src-0.5.0\include\json\autolink.h">
      <Filter>src\json</Filter>
    </ClInclude>
    <ClInclude Include="..\third_party\jsoncpp-src-0.5.0\include\json\config.h">
      <Filter>src\json</Filter>
    </ClInclude>
    <ClInclude Include="..\third_party\jsoncpp-src-0.5.0\include\json\features.h">
      <Filter>src\json</Filter>
    </ClInclude>
    <ClInclude Include="..\third_party\jsoncpp-src-0.5.0\include\json\forwards.h">
      <Filter>src\json</Filter>
    </ClInclude>
    <ClInclude Include="..\third_party\jsoncpp-src-0.5.0\include\json\json.h">
      <Filter>src\json</Filter>
    </ClInclude>
    <ClInclude Include="..\third_party\jsoncpp-src-0.5.0\include\json\reader.h">
      <Filter>src\json</Filter>
    </ClInclude>
    <ClInclude Include="..\third_party\jsoncpp-src-0.5.0\include\json\value.h">
      <Filter>src\json</Filter>
    </ClInclude>
    <ClInclude Include="..\third_party\jsoncpp-src-0.5.0\include\json\writer.h">
      <Filter>src\json</Filter>
    </ClInclude>
    <ClInclude Include="api\log.h">
      <Filter>api</Filter>
    </ClInclude>
    <ClInclude Include="src\network\UtilPdu.h">
      <Filter>src\network</Filter>
    </ClInclude>
    <ClInclude Include="src\network\PBHeader.h">
      <Filter>src\network</Filter>
    </ClInclude>
  </ItemGroup>
  <ItemGroup>
    <ClCompile Include="stdafx.cpp">
      <Filter>源文件</Filter>
    </ClCompile>
    <ClCompile Include="dllmain.cpp">
      <Filter>源文件</Filter>
    </ClCompile>
    <ClCompile Include="src\client_imp.cpp">
      <Filter>src</Filter>
    </ClCompile>
    <ClCompile Include="src\http\http_client_imp.cpp">
      <Filter>src\http</Filter>
    </ClCompile>
    <ClCompile Include="src\client_imp_init.cpp">
      <Filter>src</Filter>
    </ClCompile>
    <ClCompile Include="..\third_party\jsoncpp-src-0.5.0\src\lib_json\json_reader.cpp">
      <Filter>src\json</Filter>
    </ClCompile>
    <ClCompile Include="..\third_party\jsoncpp-src-0.5.0\src\lib_json\json_value.cpp">
      <Filter>src\json</Filter>
    </ClCompile>
    <ClCompile Include="..\third_party\jsoncpp-src-0.5.0\src\lib_json\json_writer.cpp">
      <Filter>src\json</Filter>
    </ClCompile>
    <ClCompile Include="src\log\log.cpp">
      <Filter>src\log</Filter>
    </ClCompile>
    <ClCompile Include="src\network\UtilPdu.cpp">
      <Filter>src\network</Filter>
    </ClCompile>
    <ClCompile Include="src\network\PBHeader.cpp">
      <Filter>src\network</Filter>
    </ClCompile>
  </ItemGroup>
  <ItemGroup>
    <None Include="log4cxx.properties" />
  </ItemGroup>
</Project>